PODS:
  - OLScriptMessage (0.2.0)
  - SnapKit (4.0.1)

DEPENDENCIES:
  - OLScriptMessage (from `../`)
  - SnapKit

SPEC REPOS:
  https://github.com/cocoapods/specs.git:
    - SnapKit

EXTERNAL SOURCES:
  OLScriptMessage:
    :path: "../"

SPEC CHECKSUMS:
  OLScriptMessage: 5da1bc73f9ee5fbbf639d8a67a9008c8ff347ee4
  SnapKit: 0de968a9fec17499afa29683b05d0c775b6d1c29

PODFILE CHECKSUM: 34b0281c1e3df57a38f8581fab8d48e41856839f

COCOAPODS: 1.5.3
