PODS:
  - OLScriptMessage (0.1.0)
  - SnapKit (4.0.1)

DEPENDENCIES:
  - OLScriptMessage (from `../`)
  - SnapKit

SPEC REPOS:
  https://github.com/cocoapods/specs.git:
    - SnapKit

EXTERNAL SOURCES:
  OLScriptMessage:
    :path: "../"

SPEC CHECKSUMS:
  OLScriptMessage: aeb3c18aec7ce5b36941a4a007c1eff3bc8772a8
  SnapKit: 0de968a9fec17499afa29683b05d0c775b6d1c29

PODFILE CHECKSUM: b483041a15b5ff285e193bf313c4234c94f555b1

COCOAPODS: 1.5.3
